
Microsoft Visual Studio Solution File, Format Version 12.00
# Visual Studio 15
VisualStudioVersion = 15.0.27004.2002
MinimumVisualStudioVersion = 10.0.40219.1
Project("{FAE04EC0-301F-11D3-BF4B-00C04F79EFBC}") = "dicomViewer", "dicomViewer\dicomViewer.csproj", "{67EC7A47-683A-4C78-8602-66B838DB41C5}"
EndProject
Project("{FAE04EC0-301F-11D3-BF4B-00C04F79EFBC}") = "imagePreprocessing", "imagePreprocessing\imagePreprocessing.csproj", "{B74359D6-3500-4AAD-8038-0743899981FA}"
EndProject
Project("{FAE04EC0-301F-11D3-BF4B-00C04F79EFBC}") = "DicomTagParser", "DicomTagParser\DicomTagParser.csproj", "{6B18386A-0427-4CD6-B8AB-22264DBF4C16}"
EndProject
Global
	GlobalSection(SolutionConfigurationPlatforms) = preSolution
		Debug|Any CPU = Debug|Any CPU
		Debug|x86 = Debug|x86
		Release|Any CPU = Release|Any CPU
		Release|x86 = Release|x86
	EndGlobalSection
	GlobalSection(ProjectConfigurationPlatforms) = postSolution
		{67EC7A47-683A-4C78-8602-66B838DB41C5}.Debug|Any CPU.ActiveCfg = Debug|Any CPU
		{67EC7A47-683A-4C78-8602-66B838DB41C5}.Debug|Any CPU.Build.0 = Debug|Any CPU
		{67EC7A47-683A-4C78-8602-66B838DB41C5}.Debug|x86.ActiveCfg = Debug|x86
		{67EC7A47-683A-4C78-8602-66B838DB41C5}.Debug|x86.Build.0 = Debug|x86
		{67EC7A47-683A-4C78-8602-66B838DB41C5}.Release|Any CPU.ActiveCfg = Release|Any CPU
		{67EC7A47-683A-4C78-8602-66B838DB41C5}.Release|Any CPU.Build.0 = Release|Any CPU
		{67EC7A47-683A-4C78-8602-66B838DB41C5}.Release|x86.ActiveCfg = Release|x86
		{67EC7A47-683A-4C78-8602-66B838DB41C5}.Release|x86.Build.0 = Release|x86
		{B74359D6-3500-4AAD-8038-0743899981FA}.Debug|Any CPU.ActiveCfg = Debug|Any CPU
		{B74359D6-3500-4AAD-8038-0743899981FA}.Debug|Any CPU.Build.0 = Debug|Any CPU
		{B74359D6-3500-4AAD-8038-0743899981FA}.Debug|x86.ActiveCfg = Debug|Any CPU
		{B74359D6-3500-4AAD-8038-0743899981FA}.Debug|x86.Build.0 = Debug|Any CPU
		{B74359D6-3500-4AAD-8038-0743899981FA}.Release|Any CPU.ActiveCfg = Release|Any CPU
		{B74359D6-3500-4AAD-8038-0743899981FA}.Release|Any CPU.Build.0 = Release|Any CPU
		{B74359D6-3500-4AAD-8038-0743899981FA}.Release|x86.ActiveCfg = Release|Any CPU
		{B74359D6-3500-4AAD-8038-0743899981FA}.Release|x86.Build.0 = Release|Any CPU
		{6B18386A-0427-4CD6-B8AB-22264DBF4C16}.Debug|Any CPU.ActiveCfg = Debug|Any CPU
		{6B18386A-0427-4CD6-B8AB-22264DBF4C16}.Debug|Any CPU.Build.0 = Debug|Any CPU
		{6B18386A-0427-4CD6-B8AB-22264DBF4C16}.Debug|x86.ActiveCfg = Debug|Any CPU
		{6B18386A-0427-4CD6-B8AB-22264DBF4C16}.Debug|x86.Build.0 = Debug|Any CPU
		{6B18386A-0427-4CD6-B8AB-22264DBF4C16}.Release|Any CPU.ActiveCfg = Release|Any CPU
		{6B18386A-0427-4CD6-B8AB-22264DBF4C16}.Release|Any CPU.Build.0 = Release|Any CPU
		{6B18386A-0427-4CD6-B8AB-22264DBF4C16}.Release|x86.ActiveCfg = Release|Any CPU
		{6B18386A-0427-4CD6-B8AB-22264DBF4C16}.Release|x86.Build.0 = Release|Any CPU
	EndGlobalSection
	GlobalSection(SolutionProperties) = preSolution
		HideSolutionNode = FALSE
	EndGlobalSection
	GlobalSection(ExtensibilityGlobals) = postSolution
		SolutionGuid = {7CAA8A53-82CD-4B5A-A54B-7A62DDA4DCFA}
	EndGlobalSection
EndGlobal
